
Microsoft Visual Studio Solution File, Format Version 12.00
# Visual Studio Version 17
VisualStudioVersion = 17.11.35312.102
MinimumVisualStudioVersion = 10.0.40219.1
Project("{9A19103F-16F7-4668-BE54-9A1E7A4F7556}") = "Clase01", "Clase01\Clase01.csproj", "{35BD344F-2DF9-4F90-8F49-3E16F35D9274}"
EndProject
Project("{9A19103F-16F7-4668-BE54-9A1E7A4F7556}") = "Clase02", "Clase02\Clase02.csproj", "{352E2A7F-6199-4F1B-A549-071D95242328}"
EndProject
Project("{9A19103F-16F7-4668-BE54-9A1E7A4F7556}") = "Clase03", "Clase03\Clase03.csproj", "{7EB8C27B-E755-43C7-86DF-3AB8139ECEB9}"
EndProject
Project("{FAE04EC0-301F-11D3-BF4B-00C04F79EFBC}") = "rest-biblioteca", "rest-biblioteca\rest-biblioteca.csproj", "{C486E43F-C4E6-4426-9ED3-B90042345A4D}"
EndProject
Project("{FAE04EC0-301F-11D3-BF4B-00C04F79EFBC}") = "rest-usuario", "rest-usuario\rest-usuario.csproj", "{450E72D2-3D3D-47BF-9660-C6A54982CB6A}"
EndProject
Global
	GlobalSection(SolutionConfigurationPlatforms) = preSolution
		Debug|Any CPU = Debug|Any CPU
		Release|Any CPU = Release|Any CPU
	EndGlobalSection
	GlobalSection(ProjectConfigurationPlatforms) = postSolution
		{35BD344F-2DF9-4F90-8F49-3E16F35D9274}.Debug|Any CPU.ActiveCfg = Debug|Any CPU
		{35BD344F-2DF9-4F90-8F49-3E16F35D9274}.Debug|Any CPU.Build.0 = Debug|Any CPU
		{35BD344F-2DF9-4F90-8F49-3E16F35D9274}.Release|Any CPU.ActiveCfg = Release|Any CPU
		{35BD344F-2DF9-4F90-8F49-3E16F35D9274}.Release|Any CPU.Build.0 = Release|Any CPU
		{352E2A7F-6199-4F1B-A549-071D95242328}.Debug|Any CPU.ActiveCfg = Debug|Any CPU
		{352E2A7F-6199-4F1B-A549-071D95242328}.Debug|Any CPU.Build.0 = Debug|Any CPU
		{352E2A7F-6199-4F1B-A549-071D95242328}.Release|Any CPU.ActiveCfg = Release|Any CPU
		{352E2A7F-6199-4F1B-A549-071D95242328}.Release|Any CPU.Build.0 = Release|Any CPU
		{7EB8C27B-E755-43C7-86DF-3AB8139ECEB9}.Debug|Any CPU.ActiveCfg = Debug|Any CPU
		{7EB8C27B-E755-43C7-86DF-3AB8139ECEB9}.Debug|Any CPU.Build.0 = Debug|Any CPU
		{7EB8C27B-E755-43C7-86DF-3AB8139ECEB9}.Release|Any CPU.ActiveCfg = Release|Any CPU
		{7EB8C27B-E755-43C7-86DF-3AB8139ECEB9}.Release|Any CPU.Build.0 = Release|Any CPU
		{C486E43F-C4E6-4426-9ED3-B90042345A4D}.Debug|Any CPU.ActiveCfg = Debug|Any CPU
		{C486E43F-C4E6-4426-9ED3-B90042345A4D}.Debug|Any CPU.Build.0 = Debug|Any CPU
		{C486E43F-C4E6-4426-9ED3-B90042345A4D}.Release|Any CPU.ActiveCfg = Release|Any CPU
		{C486E43F-C4E6-4426-9ED3-B90042345A4D}.Release|Any CPU.Build.0 = Release|Any CPU
		{450E72D2-3D3D-47BF-9660-C6A54982CB6A}.Debug|Any CPU.ActiveCfg = Debug|Any CPU
		{450E72D2-3D3D-47BF-9660-C6A54982CB6A}.Debug|Any CPU.Build.0 = Debug|Any CPU
		{450E72D2-3D3D-47BF-9660-C6A54982CB6A}.Release|Any CPU.ActiveCfg = Release|Any CPU
		{450E72D2-3D3D-47BF-9660-C6A54982CB6A}.Release|Any CPU.Build.0 = Release|Any CPU
	EndGlobalSection
	GlobalSection(SolutionProperties) = preSolution
		HideSolutionNode = FALSE
	EndGlobalSection
	GlobalSection(ExtensibilityGlobals) = postSolution
		SolutionGuid = {9E8D36D2-2178-495F-9ED2-9D2574792EA9}
	EndGlobalSection
EndGlobal
