
Microsoft Visual Studio Solution File, Format Version 12.00
# Visual Studio Version 17
VisualStudioVersion = 17.11.35312.102
MinimumVisualStudioVersion = 10.0.40219.1
Project("{9A19103F-16F7-4668-BE54-9A1E7A4F7556}") = "Clase01", "Clase01\Clase01.csproj", "{35BD344F-2DF9-4F90-8F49-3E16F35D9274}"
EndProject
Project("{9A19103F-16F7-4668-BE54-9A1E7A4F7556}") = "Clase02", "Clase02\Clase02.csproj", "{352E2A7F-6199-4F1B-A549-071D95242328}"
EndProject
Project("{9A19103F-16F7-4668-BE54-9A1E7A4F7556}") = "rest-biblioteca", "rest-biblioteca\rest-biblioteca.csproj", "{C486E43F-C4E6-4426-9ED3-B90042345A4D}"
EndProject
Project("{9A19103F-16F7-4668-BE54-9A1E7A4F7556}") = "rest-usuario", "rest-usuario\rest-usuario.csproj", "{450E72D2-3D3D-47BF-9660-C6A54982CB6A}"
EndProject
Project("{9A19103F-16F7-4668-BE54-9A1E7A4F7556}") = "rest-gateway", "rest-gateway\rest-gateway.csproj", "{D141B4FA-53AD-4835-96B1-07E04D62970A}"
EndProject
Project("{E53339B2-1760-4266-BCC7-CA923CBCF16C}") = "docker-compose", "docker-compose.dcproj", "{5DA18E53-F0D0-44CD-9602-45EEB13FBF7A}"
EndProject
Project("{9A19103F-16F7-4668-BE54-9A1E7A4F7556}") = "rest-categoria", "rest-categoria\rest-categoria.csproj", "{6E2134BA-ADF1-47C8-8A38-F9A8CC86BCFF}"
EndProject
Project("{9A19103F-16F7-4668-BE54-9A1E7A4F7556}") = "rest-catalogo", "rest-catalogo\rest-catalogo.csproj", "{CA9E681B-6B38-4073-BC1E-C3985DB65531}"
EndProject
Project("{9A19103F-16F7-4668-BE54-9A1E7A4F7556}") = "rest-pais", "rest-pais\rest-pais.csproj", "{162DE000-3127-4BFC-ABE3-2D8A259B6C16}"
EndProject
Project("{9A19103F-16F7-4668-BE54-9A1E7A4F7556}") = "rest-reporte", "rest-reporte\rest-reporte.csproj", "{6ACDE0C4-BEBF-4BCC-ACD0-9CE4B5FD3C22}"
EndProject
Project("{FAE04EC0-301F-11D3-BF4B-00C04F79EFBC}") = "con-cliente-web-service", "con-cliente-web-service\con-cliente-web-service.csproj", "{D9903363-EF3C-4F33-8997-50460D0DC37C}"
EndProject
Global
	GlobalSection(SolutionConfigurationPlatforms) = preSolution
		Debug|Any CPU = Debug|Any CPU
		Release|Any CPU = Release|Any CPU
	EndGlobalSection
	GlobalSection(ProjectConfigurationPlatforms) = postSolution
		{35BD344F-2DF9-4F90-8F49-3E16F35D9274}.Debug|Any CPU.ActiveCfg = Debug|Any CPU
		{35BD344F-2DF9-4F90-8F49-3E16F35D9274}.Debug|Any CPU.Build.0 = Debug|Any CPU
		{35BD344F-2DF9-4F90-8F49-3E16F35D9274}.Release|Any CPU.ActiveCfg = Release|Any CPU
		{35BD344F-2DF9-4F90-8F49-3E16F35D9274}.Release|Any CPU.Build.0 = Release|Any CPU
		{352E2A7F-6199-4F1B-A549-071D95242328}.Debug|Any CPU.ActiveCfg = Debug|Any CPU
		{352E2A7F-6199-4F1B-A549-071D95242328}.Debug|Any CPU.Build.0 = Debug|Any CPU
		{352E2A7F-6199-4F1B-A549-071D95242328}.Release|Any CPU.ActiveCfg = Release|Any CPU
		{352E2A7F-6199-4F1B-A549-071D95242328}.Release|Any CPU.Build.0 = Release|Any CPU
		{C486E43F-C4E6-4426-9ED3-B90042345A4D}.Debug|Any CPU.ActiveCfg = Debug|Any CPU
		{C486E43F-C4E6-4426-9ED3-B90042345A4D}.Debug|Any CPU.Build.0 = Debug|Any CPU
		{C486E43F-C4E6-4426-9ED3-B90042345A4D}.Release|Any CPU.ActiveCfg = Release|Any CPU
		{C486E43F-C4E6-4426-9ED3-B90042345A4D}.Release|Any CPU.Build.0 = Release|Any CPU
		{450E72D2-3D3D-47BF-9660-C6A54982CB6A}.Debug|Any CPU.ActiveCfg = Debug|Any CPU
		{450E72D2-3D3D-47BF-9660-C6A54982CB6A}.Debug|Any CPU.Build.0 = Debug|Any CPU
		{450E72D2-3D3D-47BF-9660-C6A54982CB6A}.Release|Any CPU.ActiveCfg = Release|Any CPU
		{450E72D2-3D3D-47BF-9660-C6A54982CB6A}.Release|Any CPU.Build.0 = Release|Any CPU
		{D141B4FA-53AD-4835-96B1-07E04D62970A}.Debug|Any CPU.ActiveCfg = Debug|Any CPU
		{D141B4FA-53AD-4835-96B1-07E04D62970A}.Debug|Any CPU.Build.0 = Debug|Any CPU
		{D141B4FA-53AD-4835-96B1-07E04D62970A}.Release|Any CPU.ActiveCfg = Release|Any CPU
		{D141B4FA-53AD-4835-96B1-07E04D62970A}.Release|Any CPU.Build.0 = Release|Any CPU
		{5DA18E53-F0D0-44CD-9602-45EEB13FBF7A}.Debug|Any CPU.ActiveCfg = Debug|Any CPU
		{5DA18E53-F0D0-44CD-9602-45EEB13FBF7A}.Debug|Any CPU.Build.0 = Debug|Any CPU
		{5DA18E53-F0D0-44CD-9602-45EEB13FBF7A}.Release|Any CPU.ActiveCfg = Release|Any CPU
		{5DA18E53-F0D0-44CD-9602-45EEB13FBF7A}.Release|Any CPU.Build.0 = Release|Any CPU
		{6E2134BA-ADF1-47C8-8A38-F9A8CC86BCFF}.Debug|Any CPU.ActiveCfg = Debug|Any CPU
		{6E2134BA-ADF1-47C8-8A38-F9A8CC86BCFF}.Debug|Any CPU.Build.0 = Debug|Any CPU
		{6E2134BA-ADF1-47C8-8A38-F9A8CC86BCFF}.Release|Any CPU.ActiveCfg = Release|Any CPU
		{6E2134BA-ADF1-47C8-8A38-F9A8CC86BCFF}.Release|Any CPU.Build.0 = Release|Any CPU
		{CA9E681B-6B38-4073-BC1E-C3985DB65531}.Debug|Any CPU.ActiveCfg = Debug|Any CPU
		{CA9E681B-6B38-4073-BC1E-C3985DB65531}.Debug|Any CPU.Build.0 = Debug|Any CPU
		{CA9E681B-6B38-4073-BC1E-C3985DB65531}.Release|Any CPU.ActiveCfg = Release|Any CPU
		{CA9E681B-6B38-4073-BC1E-C3985DB65531}.Release|Any CPU.Build.0 = Release|Any CPU
		{162DE000-3127-4BFC-ABE3-2D8A259B6C16}.Debug|Any CPU.ActiveCfg = Debug|Any CPU
		{162DE000-3127-4BFC-ABE3-2D8A259B6C16}.Debug|Any CPU.Build.0 = Debug|Any CPU
		{162DE000-3127-4BFC-ABE3-2D8A259B6C16}.Release|Any CPU.ActiveCfg = Release|Any CPU
		{162DE000-3127-4BFC-ABE3-2D8A259B6C16}.Release|Any CPU.Build.0 = Release|Any CPU
		{6ACDE0C4-BEBF-4BCC-ACD0-9CE4B5FD3C22}.Debug|Any CPU.ActiveCfg = Debug|Any CPU
		{6ACDE0C4-BEBF-4BCC-ACD0-9CE4B5FD3C22}.Debug|Any CPU.Build.0 = Debug|Any CPU
		{6ACDE0C4-BEBF-4BCC-ACD0-9CE4B5FD3C22}.Release|Any CPU.ActiveCfg = Release|Any CPU
		{6ACDE0C4-BEBF-4BCC-ACD0-9CE4B5FD3C22}.Release|Any CPU.Build.0 = Release|Any CPU
		{D9903363-EF3C-4F33-8997-50460D0DC37C}.Debug|Any CPU.ActiveCfg = Debug|Any CPU
		{D9903363-EF3C-4F33-8997-50460D0DC37C}.Debug|Any CPU.Build.0 = Debug|Any CPU
		{D9903363-EF3C-4F33-8997-50460D0DC37C}.Release|Any CPU.ActiveCfg = Release|Any CPU
		{D9903363-EF3C-4F33-8997-50460D0DC37C}.Release|Any CPU.Build.0 = Release|Any CPU
	EndGlobalSection
	GlobalSection(SolutionProperties) = preSolution
		HideSolutionNode = FALSE
	EndGlobalSection
	GlobalSection(ExtensibilityGlobals) = postSolution
		SolutionGuid = {9E8D36D2-2178-495F-9ED2-9D2574792EA9}
	EndGlobalSection
EndGlobal
